Microsoft Visual Studio Solution File, Format Version 11.00
# Visual Studio 2008

Project("{F561AAF6-EF0B-F14D-4208-BB46A4CCB3AD}") = "xxx", "Assembly-CSharp.csproj", "{BACF5DF0-5228-201D-08A6-065DF0CB3DB0}"
EndProject
Global
	GlobalSection(SolutionConfigurationPlatforms) = preSolution
		Debug|Any CPU = Debug|Any CPU
		Release|Any CPU = Release|Any CPU
	EndGlobalSection
	GlobalSection(ProjectConfigurationPlatforms) = postSolution
		{BACF5DF0-5228-201D-08A6-065DF0CB3DB0}.Debug|Any CPU.ActiveCfg = Debug|Any CPU
		{BACF5DF0-5228-201D-08A6-065DF0CB3DB0}.Debug|Any CPU.Build.0 = Debug|Any CPU
		{BACF5DF0-5228-201D-08A6-065DF0CB3DB0}.Release|Any CPU.ActiveCfg = Release|Any CPU
		{BACF5DF0-5228-201D-08A6-065DF0CB3DB0}.Release|Any CPU.Build.0 = Release|Any CPU
	EndGlobalSection
	GlobalSection(SolutionProperties) = preSolution
		HideSolutionNode = FALSE
	EndGlobalSection
	GlobalSection(MonoDevelopProperties) = preSolution
		StartupItem = Assembly-CSharp.csproj
	EndGlobalSection
EndGlobal
